// !$*UTF8*$!
{
	archiveVersion = 1;
	classes = {
	};
	objectVersion = 50;
	objects = {

/* Begin PBXBuildFile section */
		93818C3325B976F900286544 /* AppDelegate.swift in Sources */ = {isa = PBXBuildFile; fileRef = 93818C3225B976F900286544 /* AppDelegate.swift */; };
		93818C3525B976F900286544 /* SceneDelegate.swift in Sources */ = {isa = PBXBuildFile; fileRef = 93818C3425B976F900286544 /* SceneDelegate.swift */; };
		93818C3C25B976FD00286544 /* Assets.xcassets in Resources */ = {isa = PBXBuildFile; fileRef = 93818C3B25B976FD00286544 /* Assets.xcassets */; };
		93818C3F25B976FD00286544 /* LaunchScreen.storyboard in Resources */ = {isa = PBXBuildFile; fileRef = 93818C3D25B976FD00286544 /* LaunchScreen.storyboard */; };
		93818C4E25B9779400286544 /* GitHubVC.swift in Sources */ = {isa = PBXBuildFile; fileRef = 93818C4D25B9779400286544 /* GitHubVC.swift */; };
		93818C5125B977A200286544 /* StackOverflowVC.swift in Sources */ = {isa = PBXBuildFile; fileRef = 93818C5025B977A200286544 /* StackOverflowVC.swift */; };
		93818C5425B977B000286544 /* NoFluffJobsVC.swift in Sources */ = {isa = PBXBuildFile; fileRef = 93818C5325B977B000286544 /* NoFluffJobsVC.swift */; };
		93818C5725B977BC00286544 /* BulldogJobVC.swift in Sources */ = {isa = PBXBuildFile; fileRef = 93818C5625B977BC00286544 /* BulldogJobVC.swift */; };
		93818C5A25B977C800286544 /* FaceBookVC.swift in Sources */ = {isa = PBXBuildFile; fileRef = 93818C5925B977C800286544 /* FaceBookVC.swift */; };
		93818C5F25B97D7500286544 /* BinarJobsVC.swift in Sources */ = {isa = PBXBuildFile; fileRef = 93818C5E25B97D7500286544 /* BinarJobsVC.swift */; };
/* End PBXBuildFile section */

/* Begin PBXFileReference section */
		93818C2F25B976F900286544 /* iOS.JobsSearch.app */ = {isa = PBXFileReference; explicitFileType = wrapper.application; includeInIndex = 0; path = iOS.JobsSearch.app; sourceTree = BUILT_PRODUCTS_DIR; };
		93818C3225B976F900286544 /* AppDelegate.swift */ = {isa = PBXFileReference; lastKnownFileType = sourcecode.swift; path = AppDelegate.swift; sourceTree = "<group>"; };
		93818C3425B976F900286544 /* SceneDelegate.swift */ = {isa = PBXFileReference; lastKnownFileType = sourcecode.swift; path = SceneDelegate.swift; sourceTree = "<group>"; };
		93818C3B25B976FD00286544 /* Assets.xcassets */ = {isa = PBXFileReference; lastKnownFileType = folder.assetcatalog; path = Assets.xcassets; sourceTree = "<group>"; };
		93818C3E25B976FD00286544 /* Base */ = {isa = PBXFileReference; lastKnownFileType = file.storyboard; name = Base; path = Base.lproj/LaunchScreen.storyboard; sourceTree = "<group>"; };
		93818C4025B976FD00286544 /* Info.plist */ = {isa = PBXFileReference; lastKnownFileType = text.plist.xml; path = Info.plist; sourceTree = "<group>"; };
		93818C4D25B9779400286544 /* GitHubVC.swift */ = {isa = PBXFileReference; lastKnownFileType = sourcecode.swift; path = GitHubVC.swift; sourceTree = "<group>"; };
		93818C5025B977A200286544 /* StackOverflowVC.swift */ = {isa = PBXFileReference; lastKnownFileType = sourcecode.swift; path = StackOverflowVC.swift; sourceTree = "<group>"; };
		93818C5325B977B000286544 /* NoFluffJobsVC.swift */ = {isa = PBXFileReference; lastKnownFileType = sourcecode.swift; path = NoFluffJobsVC.swift; sourceTree = "<group>"; };
		93818C5625B977BC00286544 /* BulldogJobVC.swift */ = {isa = PBXFileReference; lastKnownFileType = sourcecode.swift; path = BulldogJobVC.swift; sourceTree = "<group>"; };
		93818C5925B977C800286544 /* FaceBookVC.swift */ = {isa = PBXFileReference; lastKnownFileType = sourcecode.swift; path = FaceBookVC.swift; sourceTree = "<group>"; };
		93818C5E25B97D7500286544 /* BinarJobsVC.swift */ = {isa = PBXFileReference; lastKnownFileType = sourcecode.swift; path = BinarJobsVC.swift; sourceTree = "<group>"; };
/* End PBXFileReference section */

/* Begin PBXFrameworksBuildPhase section */
		93818C2C25B976F900286544 /* Frameworks */ = {
			isa = PBXFrameworksBuildPhase;
			buildActionMask = 2147483647;
			files = (
			);
			runOnlyForDeploymentPostprocessing = 0;
		};
/* End PBXFrameworksBuildPhase section */

/* Begin PBXGroup section */
		93818C2625B976F900286544 = {
			isa = PBXGroup;
			children = (
				93818C3125B976F900286544 /* iOS.JobsSearch */,
				93818C3025B976F900286544 /* Products */,
			);
			sourceTree = "<group>";
		};
		93818C3025B976F900286544 /* Products */ = {
			isa = PBXGroup;
			children = (
				93818C2F25B976F900286544 /* iOS.JobsSearch.app */,
			);
			name = Products;
			sourceTree = "<group>";
		};
		93818C3125B976F900286544 /* iOS.JobsSearch */ = {
			isa = PBXGroup;
			children = (
				93818C3225B976F900286544 /* AppDelegate.swift */,
				93818C3425B976F900286544 /* SceneDelegate.swift */,
				93818C4C25B9777400286544 /* Model */,
				93818C4B25B9776600286544 /* View Model */,
				93818C4A25B9775F00286544 /* View */,
				93818C4925B9775500286544 /* Controller */,
				93818C3B25B976FD00286544 /* Assets.xcassets */,
				93818C3D25B976FD00286544 /* LaunchScreen.storyboard */,
				93818C4025B976FD00286544 /* Info.plist */,
			);
			path = iOS.JobsSearch;
			sourceTree = "<group>";
		};
		93818C4925B9775500286544 /* Controller */ = {
			isa = PBXGroup;
			children = (
				93818C5925B977C800286544 /* FaceBookVC.swift */,
				93818C5325B977B000286544 /* NoFluffJobsVC.swift */,
				93818C5E25B97D7500286544 /* BinarJobsVC.swift */,
				93818C5625B977BC00286544 /* BulldogJobVC.swift */,
				93818C4D25B9779400286544 /* GitHubVC.swift */,
				93818C5025B977A200286544 /* StackOverflowVC.swift */,
			);
			path = Controller;
			sourceTree = "<group>";
		};
		93818C4A25B9775F00286544 /* View */ = {
			isa = PBXGroup;
			children = (
			);
			path = View;
			sourceTree = "<group>";
		};
		93818C4B25B9776600286544 /* View Model */ = {
			isa = PBXGroup;
			children = (
			);
			path = "View Model";
			sourceTree = "<group>";
		};
		93818C4C25B9777400286544 /* Model */ = {
			isa = PBXGroup;
			children = (
			);
			path = Model;
			sourceTree = "<group>";
		};
/* End PBXGroup section */

/* Begin PBXNativeTarget section */
		93818C2E25B976F900286544 /* iOS.JobsSearch */ = {
			isa = PBXNativeTarget;
			buildConfigurationList = 93818C4325B976FD00286544 /* Build configuration list for PBXNativeTarget "iOS.JobsSearch" */;
			buildPhases = (
				93818C2B25B976F900286544 /* Sources */,
				93818C2C25B976F900286544 /* Frameworks */,
				93818C2D25B976F900286544 /* Resources */,
			);
			buildRules = (
			);
			dependencies = (
			);
			name = iOS.JobsSearch;
			productName = iOS.JobsSearch;
			productReference = 93818C2F25B976F900286544 /* iOS.JobsSearch.app */;
			productType = "com.apple.product-type.application";
		};
/* End PBXNativeTarget section */

/* Begin PBXProject section */
		93818C2725B976F900286544 /* Project object */ = {
			isa = PBXProject;
			attributes = {
				LastSwiftUpdateCheck = 1230;
				LastUpgradeCheck = 1230;
				TargetAttributes = {
					93818C2E25B976F900286544 = {
						CreatedOnToolsVersion = 12.3;
					};
				};
			};
			buildConfigurationList = 93818C2A25B976F900286544 /* Build configuration list for PBXProject "iOS.JobsSearch" */;
			compatibilityVersion = "Xcode 9.3";
			developmentRegion = en;
			hasScannedForEncodings = 0;
			knownRegions = (
				en,
				Base,
			);
			mainGroup = 93818C2625B976F900286544;
			productRefGroup = 93818C3025B976F900286544 /* Products */;
			projectDirPath = "";
			projectRoot = "";
			targets = (
				93818C2E25B976F900286544 /* iOS.JobsSearch */,
			);
		};
/* End PBXProject section */

/* Begin PBXResourcesBuildPhase section */
		93818C2D25B976F900286544 /* Resources */ = {
			isa = PBXResourcesBuildPhase;
			buildActionMask = 2147483647;
			files = (
				93818C3F25B976FD00286544 /* LaunchScreen.storyboard in Resources */,
				93818C3C25B976FD00286544 /* Assets.xcassets in Resources */,
			);
			runOnlyForDeploymentPostprocessing = 0;
		};
/* End PBXResourcesBuildPhase section */

/* Begin PBXSourcesBuildPhase section */
		93818C2B25B976F900286544 /* Sources */ = {
			isa = PBXSourcesBuildPhase;
			buildActionMask = 2147483647;
			files = (
				93818C4E25B9779400286544 /* GitHubVC.swift in Sources */,
				93818C3325B976F900286544 /* AppDelegate.swift in Sources */,
				93818C5725B977BC00286544 /* BulldogJobVC.swift in Sources */,
				93818C3525B976F900286544 /* SceneDelegate.swift in Sources */,
				93818C5A25B977C800286544 /* FaceBookVC.swift in Sources */,
				93818C5425B977B000286544 /* NoFluffJobsVC.swift in Sources */,
				93818C5125B977A200286544 /* StackOverflowVC.swift in Sources */,
				93818C5F25B97D7500286544 /* BinarJobsVC.swift in Sources */,
			);
			runOnlyForDeploymentPostprocessing = 0;
		};
/* End PBXSourcesBuildPhase section */

/* Begin PBXVariantGroup section */
		93818C3D25B976FD00286544 /* LaunchScreen.storyboard */ = {
			isa = PBXVariantGroup;
			children = (
				93818C3E25B976FD00286544 /* Base */,
			);
			name = LaunchScreen.storyboard;
			sourceTree = "<group>";
		};
/* End PBXVariantGroup section */

/* Begin XCBuildConfiguration section */
		93818C4125B976FD00286544 /* Debug */ = {
			isa = XCBuildConfiguration;
			buildSettings = {
				ALWAYS_SEARCH_USER_PATHS = NO;
				CLANG_ANALYZER_NONNULL = YES;
				CLANG_ANALYZER_NUMBER_OBJECT_CONVERSION = YES_AGGRESSIVE;
				CLANG_CXX_LANGUAGE_STANDARD = "gnu++14";
				CLANG_CXX_LIBRARY = "libc++";
				CLANG_ENABLE_MODULES = YES;
				CLANG_ENABLE_OBJC_ARC = YES;
				CLANG_ENABLE_OBJC_WEAK = YES;
				CLANG_WARN_BLOCK_CAPTURE_AUTORELEASING = YES;
				CLANG_WARN_BOOL_CONVERSION = YES;
				CLANG_WARN_COMMA = YES;
				CLANG_WARN_CONSTANT_CONVERSION = YES;
				CLANG_WARN_DEPRECATED_OBJC_IMPLEMENTATIONS = YES;
				CLANG_WARN_DIRECT_OBJC_ISA_USAGE = YES_ERROR;
				CLANG_WARN_DOCUMENTATION_COMMENTS = YES;
				CLANG_WARN_EMPTY_BODY = YES;
				CLANG_WARN_ENUM_CONVERSION = YES;
				CLANG_WARN_INFINITE_RECURSION = YES;
				CLANG_WARN_INT_CONVERSION = YES;
				CLANG_WARN_NON_LITERAL_NULL_CONVERSION = YES;
				CLANG_WARN_OBJC_IMPLICIT_RETAIN_SELF = YES;
				CLANG_WARN_OBJC_LITERAL_CONVERSION = YES;
				CLANG_WARN_OBJC_ROOT_CLASS = YES_ERROR;
				CLANG_WARN_QUOTED_INCLUDE_IN_FRAMEWORK_HEADER = YES;
				CLANG_WARN_RANGE_LOOP_ANALYSIS = YES;
				CLANG_WARN_STRICT_PROTOTYPES = YES;
				CLANG_WARN_SUSPICIOUS_MOVE = YES;
				CLANG_WARN_UNGUARDED_AVAILABILITY = YES_AGGRESSIVE;
				CLANG_WARN_UNREACHABLE_CODE = YES;
				CLANG_WARN__DUPLICATE_METHOD_MATCH = YES;
				COPY_PHASE_STRIP = NO;
				DEBUG_INFORMATION_FORMAT = dwarf;
				ENABLE_STRICT_OBJC_MSGSEND = YES;
				ENABLE_TESTABILITY = YES;
				GCC_C_LANGUAGE_STANDARD = gnu11;
				GCC_DYNAMIC_NO_PIC = NO;
				GCC_NO_COMMON_BLOCKS = YES;
				GCC_OPTIMIZATION_LEVEL = 0;
				GCC_PREPROCESSOR_DEFINITIONS = (
					"DEBUG=1",
					"$(inherited)",
				);
				GCC_WARN_64_TO_32_BIT_CONVERSION = YES;
				GCC_WARN_ABOUT_RETURN_TYPE = YES_ERROR;
				GCC_WARN_UNDECLARED_SELECTOR = YES;
				GCC_WARN_UNINITIALIZED_AUTOS = YES_AGGRESSIVE;
				GCC_WARN_UNUSED_FUNCTION = YES;
				GCC_WARN_UNUSED_VARIABLE = YES;
				IPHONEOS_DEPLOYMENT_TARGET = 14.3;
				MTL_ENABLE_DEBUG_INFO = INCLUDE_SOURCE;
				MTL_FAST_MATH = YES;
				ONLY_ACTIVE_ARCH = YES;
				SDKROOT = iphoneos;
				SWIFT_ACTIVE_COMPILATION_CONDITIONS = DEBUG;
				SWIFT_OPTIMIZATION_LEVEL = "-Onone";
			};
			name = Debug;
		};
		93818C4225B976FD00286544 /* Release */ = {
			isa = XCBuildConfiguration;
			buildSettings = {
				ALWAYS_SEARCH_USER_PATHS = NO;
				CLANG_ANALYZER_NONNULL = YES;
				CLANG_ANALYZER_NUMBER_OBJECT_CONVERSION = YES_AGGRESSIVE;
				CLANG_CXX_LANGUAGE_STANDARD = "gnu++14";
				CLANG_CXX_LIBRARY = "libc++";
				CLANG_ENABLE_MODULES = YES;
				CLANG_ENABLE_OBJC_ARC = YES;
				CLANG_ENABLE_OBJC_WEAK = YES;
				CLANG_WARN_BLOCK_CAPTURE_AUTORELEASING = YES;
				CLANG_WARN_BOOL_CONVERSION = YES;
				CLANG_WARN_COMMA = YES;
				CLANG_WARN_CONSTANT_CONVERSION = YES;
				CLANG_WARN_DEPRECATED_OBJC_IMPLEMENTATIONS = YES;
				CLANG_WARN_DIRECT_OBJC_ISA_USAGE = YES_ERROR;
				CLANG_WARN_DOCUMENTATION_COMMENTS = YES;
				CLANG_WARN_EMPTY_BODY = YES;
				CLANG_WARN_ENUM_CONVERSION = YES;
				CLANG_WARN_INFINITE_RECURSION = YES;
				CLANG_WARN_INT_CONVERSION = YES;
				CLANG_WARN_NON_LITERAL_NULL_CONVERSION = YES;
				CLANG_WARN_OBJC_IMPLICIT_RETAIN_SELF = YES;
				CLANG_WARN_OBJC_LITERAL_CONVERSION = YES;
				CLANG_WARN_OBJC_ROOT_CLASS = YES_ERROR;
				CLANG_WARN_QUOTED_INCLUDE_IN_FRAMEWORK_HEADER = YES;
				CLANG_WARN_RANGE_LOOP_ANALYSIS = YES;
				CLANG_WARN_STRICT_PROTOTYPES = YES;
				CLANG_WARN_SUSPICIOUS_MOVE = YES;
				CLANG_WARN_UNGUARDED_AVAILABILITY = YES_AGGRESSIVE;
				CLANG_WARN_UNREACHABLE_CODE = YES;
				CLANG_WARN__DUPLICATE_METHOD_MATCH = YES;
				COPY_PHASE_STRIP = NO;
				DEBUG_INFORMATION_FORMAT = "dwarf-with-dsym";
				ENABLE_NS_ASSERTIONS = NO;
				ENABLE_STRICT_OBJC_MSGSEND = YES;
				GCC_C_LANGUAGE_STANDARD = gnu11;
				GCC_NO_COMMON_BLOCKS = YES;
				GCC_WARN_64_TO_32_BIT_CONVERSION = YES;
				GCC_WARN_ABOUT_RETURN_TYPE = YES_ERROR;
				GCC_WARN_UNDECLARED_SELECTOR = YES;
				GCC_WARN_UNINITIALIZED_AUTOS = YES_AGGRESSIVE;
				GCC_WARN_UNUSED_FUNCTION = YES;
				GCC_WARN_UNUSED_VARIABLE = YES;
				IPHONEOS_DEPLOYMENT_TARGET = 14.3;
				MTL_ENABLE_DEBUG_INFO = NO;
				MTL_FAST_MATH = YES;
				SDKROOT = iphoneos;
				SWIFT_COMPILATION_MODE = wholemodule;
				SWIFT_OPTIMIZATION_LEVEL = "-O";
				VALIDATE_PRODUCT = YES;
			};
			name = Release;
		};
		93818C4425B976FD00286544 /* Debug */ = {
			isa = XCBuildConfiguration;
			buildSettings = {
				ASSETCATALOG_COMPILER_APPICON_NAME = AppIcon;
				ASSETCATALOG_COMPILER_GLOBAL_ACCENT_COLOR_NAME = AccentColor;
				CODE_SIGN_STYLE = Automatic;
				DEVELOPMENT_TEAM = 8RH4482R36;
				INFOPLIST_FILE = iOS.JobsSearch/Info.plist;
				LD_RUNPATH_SEARCH_PATHS = (
					"$(inherited)",
					"@executable_path/Frameworks",
				);
				PRODUCT_BUNDLE_IDENTIFIER = "KA.iOS-JobsSearch";
				PRODUCT_NAME = "$(TARGET_NAME)";
				SWIFT_VERSION = 5.0;
				TARGETED_DEVICE_FAMILY = "1,2";
			};
			name = Debug;
		};
		93818C4525B976FD00286544 /* Release */ = {
			isa = XCBuildConfiguration;
			buildSettings = {
				ASSETCATALOG_COMPILER_APPICON_NAME = AppIcon;
				ASSETCATALOG_COMPILER_GLOBAL_ACCENT_COLOR_NAME = AccentColor;
				CODE_SIGN_STYLE = Automatic;
				DEVELOPMENT_TEAM = 8RH4482R36;
				INFOPLIST_FILE = iOS.JobsSearch/Info.plist;
				LD_RUNPATH_SEARCH_PATHS = (
					"$(inherited)",
					"@executable_path/Frameworks",
				);
				PRODUCT_BUNDLE_IDENTIFIER = "KA.iOS-JobsSearch";
				PRODUCT_NAME = "$(TARGET_NAME)";
				SWIFT_VERSION = 5.0;
				TARGETED_DEVICE_FAMILY = "1,2";
			};
			name = Release;
		};
/* End XCBuildConfiguration section */

/* Begin XCConfigurationList section */
		93818C2A25B976F900286544 /* Build configuration list for PBXProject "iOS.JobsSearch" */ = {
			isa = XCConfigurationList;
			buildConfigurations = (
				93818C4125B976FD00286544 /* Debug */,
				93818C4225B976FD00286544 /* Release */,
			);
			defaultConfigurationIsVisible = 0;
			defaultConfigurationName = Release;
		};
		93818C4325B976FD00286544 /* Build configuration list for PBXNativeTarget "iOS.JobsSearch" */ = {
			isa = XCConfigurationList;
			buildConfigurations = (
				93818C4425B976FD00286544 /* Debug */,
				93818C4525B976FD00286544 /* Release */,
			);
			defaultConfigurationIsVisible = 0;
			defaultConfigurationName = Release;
		};
/* End XCConfigurationList section */
	};
	rootObject = 93818C2725B976F900286544 /* Project object */;
}
